PODS:
  - AppAuth (1.7.3):
    - AppAuth/Core (= 1.7.3)
    - AppAuth/ExternalUserAgent (= 1.7.3)
  - AppAuth/Core (1.7.3)
  - AppAuth/ExternalUserAgent (1.7.3):
    - AppAuth/Core
  - boost (1.76.0)
  - BVLinearGradient (2.6.2):
    - React-Core
  - CocoaAsyncSocket (7.6.5)
  - DoubleConversion (1.1.6)
  - FBLazyVector (0.70.0)
  - FBReactNativeSpec (0.70.0):
    - RCT-Folly (= 2021.07.22.00)
    - RCTRequired (= 0.70.0)
    - RCTTypeSafety (= 0.70.0)
    - React-Core (= 0.70.0)
    - React-jsi (= 0.70.0)
    - ReactCommon/turbomodule/core (= 0.70.0)
  - Flipper (0.125.0):
    - Flipper-Folly (~> 2.6)
    - Flipper-RSocket (~> 1.4)
  - Flipper-Boost-iOSX (1.76.0.1.11)
  - Flipper-DoubleConversion (3.2.0.1)
  - Flipper-Fmt (7.1.7)
  - Flipper-Folly (2.6.10):
    - Flipper-Boost-iOSX
    - Flipper-DoubleConversion
    - Flipper-Fmt (= 7.1.7)
    - Flipper-Glog
    - libevent (~> 2.1.12)
    - OpenSSL-Universal (= 1.1.1100)
  - Flipper-Glog (0.5.0.5)
  - Flipper-PeerTalk (0.0.4)
  - Flipper-RSocket (1.4.3):
    - Flipper-Folly (~> 2.6)
  - FlipperKit (0.125.0):
    - FlipperKit/Core (= 0.125.0)
  - FlipperKit/Core (0.125.0):
    - Flipper (~> 0.125.0)
    - FlipperKit/CppBridge
    - FlipperKit/FBCxxFollyDynamicConvert
    - FlipperKit/FBDefines
    - FlipperKit/FKPortForwarding
    - SocketRocket (~> 0.6.0)
  - FlipperKit/CppBridge (0.125.0):
    - Flipper (~> 0.125.0)
  - FlipperKit/FBCxxFollyDynamicConvert (0.125.0):
    - Flipper-Folly (~> 2.6)
  - FlipperKit/FBDefines (0.125.0)
  - FlipperKit/FKPortForwarding (0.125.0):
    - CocoaAsyncSocket (~> 7.6)
    - Flipper-PeerTalk (~> 0.0.4)
  - FlipperKit/FlipperKitHighlightOverlay (0.125.0)
  - FlipperKit/FlipperKitLayoutHelpers (0.125.0):
    - FlipperKit/Core
    - FlipperKit/FlipperKitHighlightOverlay
    - FlipperKit/FlipperKitLayoutTextSearchable
  - FlipperKit/FlipperKitLayoutIOSDescriptors (0.125.0):
    - FlipperKit/Core
    - FlipperKit/FlipperKitHighlightOverlay
    - FlipperKit/FlipperKitLayoutHelpers
    - YogaKit (~> 1.18)
  - FlipperKit/FlipperKitLayoutPlugin (0.125.0):
    - FlipperKit/Core
    - FlipperKit/FlipperKitHighlightOverlay
    - FlipperKit/FlipperKitLayoutHelpers
    - FlipperKit/FlipperKitLayoutIOSDescriptors
    - FlipperKit/FlipperKitLayoutTextSearchable
    - YogaKit (~> 1.18)
  - FlipperKit/FlipperKitLayoutTextSearchable (0.125.0)
  - FlipperKit/FlipperKitNetworkPlugin (0.125.0):
    - FlipperKit/Core
  - FlipperKit/FlipperKitReactPlugin (0.125.0):
    - FlipperKit/Core
  - FlipperKit/FlipperKitUserDefaultsPlugin (0.125.0):
    - FlipperKit/Core
  - FlipperKit/SKIOSNetworkPlugin (0.125.0):
    - FlipperKit/Core
    - FlipperKit/FlipperKitNetworkPlugin
  - fmt (6.2.1)
  - glog (0.3.5)
  - jail-monkey (2.8.0):
    - React-Core
  - libevent (2.1.12)
  - libwebp (1.3.2):
    - libwebp/demux (= 1.3.2)
    - libwebp/mux (= 1.3.2)
    - libwebp/sharpyuv (= 1.3.2)
    - libwebp/webp (= 1.3.2)
  - libwebp/demux (1.3.2):
    - libwebp/webp
  - libwebp/mux (1.3.2):
    - libwebp/demux
  - libwebp/sharpyuv (1.3.2)
  - libwebp/webp (1.3.2):
    - libwebp/sharpyuv
  - lottie-ios (3.4.0)
  - lottie-react-native (5.1.4):
    - lottie-ios (~> 3.4.0)
    - React-Core
  - OpenSSL-Universal (1.1.1100)
  - RCT-Folly (2021.07.22.00):
    - boost
    - DoubleConversion
    - fmt (~> 6.2.1)
    - glog
    - RCT-Folly/Default (= 2021.07.22.00)
  - RCT-Folly/Default (2021.07.22.00):
    - boost
    - DoubleConversion
    - fmt (~> 6.2.1)
    - glog
  - RCTRequired (0.70.0)
  - RCTTypeSafety (0.70.0):
    - FBLazyVector (= 0.70.0)
    - RCTRequired (= 0.70.0)
    - React-Core (= 0.70.0)
  - React (0.70.0):
    - React-Core (= 0.70.0)
    - React-Core/DevSupport (= 0.70.0)
    - React-Core/RCTWebSocket (= 0.70.0)
    - React-RCTActionSheet (= 0.70.0)
    - React-RCTAnimation (= 0.70.0)
    - React-RCTBlob (= 0.70.0)
    - React-RCTImage (= 0.70.0)
    - React-RCTLinking (= 0.70.0)
    - React-RCTNetwork (= 0.70.0)
    - React-RCTSettings (= 0.70.0)
    - React-RCTText (= 0.70.0)
    - React-RCTVibration (= 0.70.0)
  - React-bridging (0.70.0):
    - RCT-Folly (= 2021.07.22.00)
    - React-jsi (= 0.70.0)
  - React-callinvoker (0.70.0)
  - React-Codegen (0.70.0):
    - FBReactNativeSpec (= 0.70.0)
    - RCT-Folly (= 2021.07.22.00)
    - RCTRequired (= 0.70.0)
    - RCTTypeSafety (= 0.70.0)
    - React-Core (= 0.70.0)
    - React-jsi (= 0.70.0)
    - React-jsiexecutor (= 0.70.0)
    - ReactCommon/turbomodule/core (= 0.70.0)
  - React-Core (0.70.0):
    - glog
    - RCT-Folly (= 2021.07.22.00)
    - React-Core/Default (= 0.70.0)
    - React-cxxreact (= 0.70.0)
    - React-jsi (= 0.70.0)
    - React-jsiexecutor (= 0.70.0)
    - React-perflogger (= 0.70.0)
    - Yoga
  - React-Core/CoreModulesHeaders (0.70.0):
    - glog
    - RCT-Folly (= 2021.07.22.00)
    - React-Core/Default
    - React-cxxreact (= 0.70.0)
    - React-jsi (= 0.70.0)
    - React-jsiexecutor (= 0.70.0)
    - React-perflogger (= 0.70.0)
    - Yoga
  - React-Core/Default (0.70.0):
    - glog
    - RCT-Folly (= 2021.07.22.00)
    - React-cxxreact (= 0.70.0)
    - React-jsi (= 0.70.0)
    - React-jsiexecutor (= 0.70.0)
    - React-perflogger (= 0.70.0)
    - Yoga
  - React-Core/DevSupport (0.70.0):
    - glog
    - RCT-Folly (= 2021.07.22.00)
    - React-Core/Default (= 0.70.0)
    - React-Core/RCTWebSocket (= 0.70.0)
    - React-cxxreact (= 0.70.0)
    - React-jsi (= 0.70.0)
    - React-jsiexecutor (= 0.70.0)
    - React-jsinspector (= 0.70.0)
    - React-perflogger (= 0.70.0)
    - Yoga
  - React-Core/RCTActionSheetHeaders (0.70.0):
    - glog
    - RCT-Folly (= 2021.07.22.00)
    - React-Core/Default
    - React-cxxreact (= 0.70.0)
    - React-jsi (= 0.70.0)
    - React-jsiexecutor (= 0.70.0)
    - React-perflogger (= 0.70.0)
    - Yoga
  - React-Core/RCTAnimationHeaders (0.70.0):
    - glog
    - RCT-Folly (= 2021.07.22.00)
    - React-Core/Default
    - React-cxxreact (= 0.70.0)
    - React-jsi (= 0.70.0)
    - React-jsiexecutor (= 0.70.0)
    - React-perflogger (= 0.70.0)
    - Yoga
  - React-Core/RCTBlobHeaders (0.70.0):
    - glog
    - RCT-Folly (= 2021.07.22.00)
    - React-Core/Default
    - React-cxxreact (= 0.70.0)
    - React-jsi (= 0.70.0)
    - React-jsiexecutor (= 0.70.0)
    - React-perflogger (= 0.70.0)
    - Yoga
  - React-Core/RCTImageHeaders (0.70.0):
    - glog
    - RCT-Folly (= 2021.07.22.00)
    - React-Core/Default
    - React-cxxreact (= 0.70.0)
    - React-jsi (= 0.70.0)
    - React-jsiexecutor (= 0.70.0)
    - React-perflogger (= 0.70.0)
    - Yoga
  - React-Core/RCTLinkingHeaders (0.70.0):
    - glog
    - RCT-Folly (= 2021.07.22.00)
    - React-Core/Default
    - React-cxxreact (= 0.70.0)
    - React-jsi (= 0.70.0)
    - React-jsiexecutor (= 0.70.0)
    - React-perflogger (= 0.70.0)
    - Yoga
  - React-Core/RCTNetworkHeaders (0.70.0):
    - glog
    - RCT-Folly (= 2021.07.22.00)
    - React-Core/Default
    - React-cxxreact (= 0.70.0)
    - React-jsi (= 0.70.0)
    - React-jsiexecutor (= 0.70.0)
    - React-perflogger (= 0.70.0)
    - Yoga
  - React-Core/RCTSettingsHeaders (0.70.0):
    - glog
    - RCT-Folly (= 2021.07.22.00)
    - React-Core/Default
    - React-cxxreact (= 0.70.0)
    - React-jsi (= 0.70.0)
    - React-jsiexecutor (= 0.70.0)
    - React-perflogger (= 0.70.0)
    - Yoga
  - React-Core/RCTTextHeaders (0.70.0):
    - glog
    - RCT-Folly (= 2021.07.22.00)
    - React-Core/Default
    - React-cxxreact (= 0.70.0)
    - React-jsi (= 0.70.0)
    - React-jsiexecutor (= 0.70.0)
    - React-perflogger (= 0.70.0)
    - Yoga
  - React-Core/RCTVibrationHeaders (0.70.0):
    - glog
    - RCT-Folly (= 2021.07.22.00)
    - React-Core/Default
    - React-cxxreact (= 0.70.0)
    - React-jsi (= 0.70.0)
    - React-jsiexecutor (= 0.70.0)
    - React-perflogger (= 0.70.0)
    - Yoga
  - React-Core/RCTWebSocket (0.70.0):
    - glog
    - RCT-Folly (= 2021.07.22.00)
    - React-Core/Default (= 0.70.0)
    - React-cxxreact (= 0.70.0)
    - React-jsi (= 0.70.0)
    - React-jsiexecutor (= 0.70.0)
    - React-perflogger (= 0.70.0)
    - Yoga
  - React-CoreModules (0.70.0):
    - RCT-Folly (= 2021.07.22.00)
    - RCTTypeSafety (= 0.70.0)
    - React-Codegen (= 0.70.0)
    - React-Core/CoreModulesHeaders (= 0.70.0)
    - React-jsi (= 0.70.0)
    - React-RCTImage (= 0.70.0)
    - ReactCommon/turbomodule/core (= 0.70.0)
  - React-cxxreact (0.70.0):
    - boost (= 1.76.0)
    - DoubleConversion
    - glog
    - RCT-Folly (= 2021.07.22.00)
    - React-callinvoker (= 0.70.0)
    - React-jsi (= 0.70.0)
    - React-jsinspector (= 0.70.0)
    - React-logger (= 0.70.0)
    - React-perflogger (= 0.70.0)
    - React-runtimeexecutor (= 0.70.0)
  - React-jsi (0.70.0):
    - boost (= 1.76.0)
    - DoubleConversion
    - glog
    - RCT-Folly (= 2021.07.22.00)
    - React-jsi/Default (= 0.70.0)
  - React-jsi/Default (0.70.0):
    - boost (= 1.76.0)
    - DoubleConversion
    - glog
    - RCT-Folly (= 2021.07.22.00)
  - React-jsiexecutor (0.70.0):
    - DoubleConversion
    - glog
    - RCT-Folly (= 2021.07.22.00)
    - React-cxxreact (= 0.70.0)
    - React-jsi (= 0.70.0)
    - React-perflogger (= 0.70.0)
  - React-jsinspector (0.70.0)
  - React-logger (0.70.0):
    - glog
  - react-native-app-auth (7.1.3):
    - AppAuth (~> 1.6)
    - React-Core
  - react-native-camera (4.2.1):
    - React-Core
    - react-native-camera/RCT (= 4.2.1)
    - react-native-camera/RN (= 4.2.1)
  - react-native-camera/RCT (4.2.1):
    - React-Core
  - react-native-camera/RN (4.2.1):
    - React-Core
  - react-native-compressor (1.8.24):
    - React-Core
  - react-native-document-picker (8.2.2):
    - React-Core
  - react-native-fetch-blob (0.10.6):
    - React-Core
  - react-native-flipper (0.163.0):
    - React-Core
  - react-native-image-marker (0.9.2):
    - React-Core
  - react-native-netinfo (9.3.0):
    - React-Core
  - react-native-pager-view (6.2.3):
    - React-Core
  - react-native-safe-area-context (4.3.3):
    - RCT-Folly
    - RCTRequired
    - RCTTypeSafety
    - React-Core
    - ReactCommon/turbomodule/core
  - react-native-simple-toast (3.3.0):
    - React-Core
    - Toast (~> 4)
  - react-native-slider (4.5.0):
    - React-Core
  - react-native-version-check (3.4.7):
    - React-Core
  - react-native-version-number (0.3.6):
    - React
  - react-native-video (5.2.1):
    - React-Core
    - react-native-video/Video (= 5.2.1)
  - react-native-video/Video (5.2.1):
    - React-Core
  - react-native-voice (1.1.9):
    - React
  - react-native-webview (11.26.1):
    - React-Core
  - React-perflogger (0.70.0)
  - React-RCTActionSheet (0.70.0):
    - React-Core/RCTActionSheetHeaders (= 0.70.0)
  - React-RCTAnimation (0.70.0):
    - RCT-Folly (= 2021.07.22.00)
    - RCTTypeSafety (= 0.70.0)
    - React-Codegen (= 0.70.0)
    - React-Core/RCTAnimationHeaders (= 0.70.0)
    - React-jsi (= 0.70.0)
    - ReactCommon/turbomodule/core (= 0.70.0)
  - React-RCTBlob (0.70.0):
    - RCT-Folly (= 2021.07.22.00)
    - React-Codegen (= 0.70.0)
    - React-Core/RCTBlobHeaders (= 0.70.0)
    - React-Core/RCTWebSocket (= 0.70.0)
    - React-jsi (= 0.70.0)
    - React-RCTNetwork (= 0.70.0)
    - ReactCommon/turbomodule/core (= 0.70.0)
  - React-RCTImage (0.70.0):
    - RCT-Folly (= 2021.07.22.00)
    - RCTTypeSafety (= 0.70.0)
    - React-Codegen (= 0.70.0)
    - React-Core/RCTImageHeaders (= 0.70.0)
    - React-jsi (= 0.70.0)
    - React-RCTNetwork (= 0.70.0)
    - ReactCommon/turbomodule/core (= 0.70.0)
  - React-RCTLinking (0.70.0):
    - React-Codegen (= 0.70.0)
    - React-Core/RCTLinkingHeaders (= 0.70.0)
    - React-jsi (= 0.70.0)
    - ReactCommon/turbomodule/core (= 0.70.0)
  - React-RCTNetwork (0.70.0):
    - RCT-Folly (= 2021.07.22.00)
    - RCTTypeSafety (= 0.70.0)
    - React-Codegen (= 0.70.0)
    - React-Core/RCTNetworkHeaders (= 0.70.0)
    - React-jsi (= 0.70.0)
    - ReactCommon/turbomodule/core (= 0.70.0)
  - React-RCTSettings (0.70.0):
    - RCT-Folly (= 2021.07.22.00)
    - RCTTypeSafety (= 0.70.0)
    - React-Codegen (= 0.70.0)
    - React-Core/RCTSettingsHeaders (= 0.70.0)
    - React-jsi (= 0.70.0)
    - ReactCommon/turbomodule/core (= 0.70.0)
  - React-RCTText (0.70.0):
    - React-Core/RCTTextHeaders (= 0.70.0)
  - React-RCTVibration (0.70.0):
    - RCT-Folly (= 2021.07.22.00)
    - React-Codegen (= 0.70.0)
    - React-Core/RCTVibrationHeaders (= 0.70.0)
    - React-jsi (= 0.70.0)
    - ReactCommon/turbomodule/core (= 0.70.0)
  - React-runtimeexecutor (0.70.0):
    - React-jsi (= 0.70.0)
  - ReactCommon (0.70.0):
    - React-logger (= 0.70.0)
    - ReactCommon/react_debug_core (= 0.70.0)
    - ReactCommon/turbomodule (= 0.70.0)
  - ReactCommon/react_debug_core (0.70.0):
    - React-logger (= 0.70.0)
  - ReactCommon/turbomodule (0.70.0):
    - DoubleConversion
    - glog
    - RCT-Folly (= 2021.07.22.00)
    - React-bridging (= 0.70.0)
    - React-callinvoker (= 0.70.0)
    - React-Core (= 0.70.0)
    - React-cxxreact (= 0.70.0)
    - React-jsi (= 0.70.0)
    - React-logger (= 0.70.0)
    - React-perflogger (= 0.70.0)
    - ReactCommon/turbomodule/core (= 0.70.0)
    - ReactCommon/turbomodule/samples (= 0.70.0)
  - ReactCommon/turbomodule/core (0.70.0):
    - DoubleConversion
    - glog
    - RCT-Folly (= 2021.07.22.00)
    - React-bridging (= 0.70.0)
    - React-callinvoker (= 0.70.0)
    - React-Core (= 0.70.0)
    - React-cxxreact (= 0.70.0)
    - React-jsi (= 0.70.0)
    - React-logger (= 0.70.0)
    - React-perflogger (= 0.70.0)
  - ReactCommon/turbomodule/samples (0.70.0):
    - DoubleConversion
    - glog
    - RCT-Folly (= 2021.07.22.00)
    - React-bridging (= 0.70.0)
    - React-callinvoker (= 0.70.0)
    - React-Core (= 0.70.0)
    - React-cxxreact (= 0.70.0)
    - React-jsi (= 0.70.0)
    - React-logger (= 0.70.0)
    - React-perflogger (= 0.70.0)
    - ReactCommon/turbomodule/core (= 0.70.0)
  - ReactNativeART (1.2.0):
    - React
  - ReactNativeLocalization (2.3.1):
    - React-Core
  - RNBootSplash (4.3.2):
    - React-Core
  - RNCAsyncStorage (1.12.1):
    - React-Core
  - RNCMaskedView (0.2.7):
    - React-Core
  - RNColorMatrixImageFilters (5.2.14):
    - React-Core
  - RNDateTimePicker (6.7.5):
    - React-Core
  - RNDeviceInfo (10.12.0):
    - React-Core
  - RNFastImage (8.6.1):
    - React-Core
    - SDWebImage (~> 5.11.1)
    - SDWebImageWebPCoder (~> 0.8.4)
  - RNFileViewer (2.1.5):
    - React-Core
  - RNFS (2.20.0):
    - React-Core
  - RNGestureHandler (2.15.0):
    - React-Core
  - RNImageCropPicker (0.37.3):
    - React-Core
    - React-RCTImage
    - RNImageCropPicker/QBImagePickerController (= 0.37.3)
    - TOCropViewController
  - RNImageCropPicker/QBImagePickerController (0.37.3):
    - React-Core
    - React-RCTImage
    - TOCropViewController
  - RNReanimated (2.17.0):
    - DoubleConversion
    - FBLazyVector
    - FBReactNativeSpec
    - glog
    - RCT-Folly
    - RCTRequired
    - RCTTypeSafety
    - React-callinvoker
    - React-Core
    - React-Core/DevSupport
    - React-Core/RCTWebSocket
    - React-CoreModules
    - React-cxxreact
    - React-jsi
    - React-jsiexecutor
    - React-jsinspector
    - React-RCTActionSheet
    - React-RCTAnimation
    - React-RCTBlob
    - React-RCTImage
    - React-RCTLinking
    - React-RCTNetwork
    - React-RCTSettings
    - React-RCTText
    - ReactCommon/turbomodule/core
    - Yoga
  - RNScreens (3.17.0):
    - React-Core
    - React-RCTImage
  - RNSVG (13.2.0):
    - React-Core
  - RNVectorIcons (9.2.0):
    - React-Core
  - SDWebImage (5.11.1):
    - SDWebImage/Core (= 5.11.1)
  - SDWebImage/Core (5.11.1)
  - SDWebImageWebPCoder (0.8.5):
    - libwebp (~> 1.0)
    - SDWebImage/Core (~> 5.10)
  - SocketRocket (0.6.1)
  - TextToSpeech (4.1.0):
    - React
  - Toast (4.1.0)
  - TOCropViewController (2.6.1)
  - VisionCamera (2.16.8):
    - React
    - React-callinvoker
    - React-Core
    - ReactCommon
  - Yoga (1.14.0)
  - YogaKit (1.18.1):
    - Yoga (~> 1.14)

DEPENDENCIES:
  - boost (from `../node_modules/react-native/third-party-podspecs/boost.podspec`)
  - BVLinearGradient (from `../node_modules/react-native-linear-gradient`)
  - DoubleConversion (from `../node_modules/react-native/third-party-podspecs/DoubleConversion.podspec`)
  - FBLazyVector (from `../node_modules/react-native/Libraries/FBLazyVector`)
  - FBReactNativeSpec (from `../node_modules/react-native/React/FBReactNativeSpec`)
  - Flipper (= 0.125.0)
  - Flipper-Boost-iOSX (= 1.76.0.1.11)
  - Flipper-DoubleConversion (= 3.2.0.1)
  - Flipper-Fmt (= 7.1.7)
  - Flipper-Folly (= 2.6.10)
  - Flipper-Glog (= 0.5.0.5)
  - Flipper-PeerTalk (= 0.0.4)
  - Flipper-RSocket (= 1.4.3)
  - FlipperKit (= 0.125.0)
  - FlipperKit/Core (= 0.125.0)
  - FlipperKit/CppBridge (= 0.125.0)
  - FlipperKit/FBCxxFollyDynamicConvert (= 0.125.0)
  - FlipperKit/FBDefines (= 0.125.0)
  - FlipperKit/FKPortForwarding (= 0.125.0)
  - FlipperKit/FlipperKitHighlightOverlay (= 0.125.0)
  - FlipperKit/FlipperKitLayoutPlugin (= 0.125.0)
  - FlipperKit/FlipperKitLayoutTextSearchable (= 0.125.0)
  - FlipperKit/FlipperKitNetworkPlugin (= 0.125.0)
  - FlipperKit/FlipperKitReactPlugin (= 0.125.0)
  - FlipperKit/FlipperKitUserDefaultsPlugin (= 0.125.0)
  - FlipperKit/SKIOSNetworkPlugin (= 0.125.0)
  - glog (from `../node_modules/react-native/third-party-podspecs/glog.podspec`)
  - jail-monkey (from `../node_modules/jail-monkey`)
  - lottie-ios (from `../node_modules/lottie-ios`)
  - lottie-react-native (from `../node_modules/lottie-react-native`)
  - OpenSSL-Universal (= 1.1.1100)
  - RCT-Folly (from `../node_modules/react-native/third-party-podspecs/RCT-Folly.podspec`)
  - RCTRequired (from `../node_modules/react-native/Libraries/RCTRequired`)
  - RCTTypeSafety (from `../node_modules/react-native/Libraries/TypeSafety`)
  - React (from `../node_modules/react-native/`)
  - React-bridging (from `../node_modules/react-native/ReactCommon`)
  - React-callinvoker (from `../node_modules/react-native/ReactCommon/callinvoker`)
  - React-Codegen (from `build/generated/ios`)
  - React-Core (from `../node_modules/react-native/`)
  - React-Core/DevSupport (from `../node_modules/react-native/`)
  - React-Core/RCTWebSocket (from `../node_modules/react-native/`)
  - React-CoreModules (from `../node_modules/react-native/React/CoreModules`)
  - React-cxxreact (from `../node_modules/react-native/ReactCommon/cxxreact`)
  - React-jsi (from `../node_modules/react-native/ReactCommon/jsi`)
  - React-jsiexecutor (from `../node_modules/react-native/ReactCommon/jsiexecutor`)
  - React-jsinspector (from `../node_modules/react-native/ReactCommon/jsinspector`)
  - React-logger (from `../node_modules/react-native/ReactCommon/logger`)
  - react-native-app-auth (from `../node_modules/react-native-app-auth`)
  - react-native-camera (from `../node_modules/react-native-camera`)
  - react-native-compressor (from `../node_modules/react-native-compressor`)
  - react-native-document-picker (from `../node_modules/react-native-document-picker`)
  - react-native-fetch-blob (from `../node_modules/react-native-fetch-blob`)
  - react-native-flipper (from `../node_modules/react-native-flipper`)
  - react-native-image-marker (from `../node_modules/react-native-image-marker`)
  - "react-native-netinfo (from `../node_modules/@react-native-community/netinfo`)"
  - react-native-pager-view (from `../node_modules/react-native-pager-view`)
  - react-native-safe-area-context (from `../node_modules/react-native-safe-area-context`)
  - react-native-simple-toast (from `../node_modules/react-native-simple-toast`)
  - "react-native-slider (from `../node_modules/@react-native-community/slider`)"
  - react-native-version-check (from `../node_modules/react-native-version-check`)
  - react-native-version-number (from `../node_modules/react-native-version-number`)
  - react-native-video (from `../node_modules/react-native-video`)
  - "react-native-voice (from `../node_modules/@react-native-community/voice`)"
  - react-native-webview (from `../node_modules/react-native-webview`)
  - React-perflogger (from `../node_modules/react-native/ReactCommon/reactperflogger`)
  - React-RCTActionSheet (from `../node_modules/react-native/Libraries/ActionSheetIOS`)
  - React-RCTAnimation (from `../node_modules/react-native/Libraries/NativeAnimation`)
  - React-RCTBlob (from `../node_modules/react-native/Libraries/Blob`)
  - React-RCTImage (from `../node_modules/react-native/Libraries/Image`)
  - React-RCTLinking (from `../node_modules/react-native/Libraries/LinkingIOS`)
  - React-RCTNetwork (from `../node_modules/react-native/Libraries/Network`)
  - React-RCTSettings (from `../node_modules/react-native/Libraries/Settings`)
  - React-RCTText (from `../node_modules/react-native/Libraries/Text`)
  - React-RCTVibration (from `../node_modules/react-native/Libraries/Vibration`)
  - React-runtimeexecutor (from `../node_modules/react-native/ReactCommon/runtimeexecutor`)
  - ReactCommon/turbomodule/core (from `../node_modules/react-native/ReactCommon`)
  - "ReactNativeART (from `../node_modules/@react-native-community/art`)"
  - ReactNativeLocalization (from `../node_modules/react-native-localization`)
  - RNBootSplash (from `../node_modules/react-native-bootsplash`)
  - "RNCAsyncStorage (from `../node_modules/@react-native-community/async-storage`)"
  - "RNCMaskedView (from `../node_modules/@react-native-masked-view/masked-view`)"
  - RNColorMatrixImageFilters (from `../node_modules/react-native-color-matrix-image-filters`)
  - "RNDateTimePicker (from `../node_modules/@react-native-community/datetimepicker`)"
  - RNDeviceInfo (from `../node_modules/react-native-device-info`)
  - RNFastImage (from `../node_modules/react-native-fast-image`)
  - RNFileViewer (from `../node_modules/react-native-file-viewer`)
  - RNFS (from `../node_modules/react-native-fs`)
  - RNGestureHandler (from `../node_modules/react-native-gesture-handler`)
  - RNImageCropPicker (from `../node_modules/react-native-image-crop-picker`)
  - RNReanimated (from `../node_modules/react-native-reanimated`)
  - RNScreens (from `../node_modules/react-native-screens`)
  - RNSVG (from `../node_modules/react-native-svg`)
  - RNVectorIcons (from `../node_modules/react-native-vector-icons`)
  - TextToSpeech (from `../node_modules/react-native-tts`)
  - VisionCamera (from `../node_modules/react-native-vision-camera`)
  - Yoga (from `../node_modules/react-native/ReactCommon/yoga`)

SPEC REPOS:
  trunk:
    - AppAuth
    - CocoaAsyncSocket
    - Flipper
    - Flipper-Boost-iOSX
    - Flipper-DoubleConversion
    - Flipper-Fmt
    - Flipper-Folly
    - Flipper-Glog
    - Flipper-PeerTalk
    - Flipper-RSocket
    - FlipperKit
    - fmt
    - libevent
    - libwebp
    - OpenSSL-Universal
    - SDWebImage
    - SDWebImageWebPCoder
    - SocketRocket
    - Toast
    - TOCropViewController
    - YogaKit

EXTERNAL SOURCES:
  boost:
    :podspec: "../node_modules/react-native/third-party-podspecs/boost.podspec"
  BVLinearGradient:
    :path: "../node_modules/react-native-linear-gradient"
  DoubleConversion:
    :podspec: "../node_modules/react-native/third-party-podspecs/DoubleConversion.podspec"
  FBLazyVector:
    :path: "../node_modules/react-native/Libraries/FBLazyVector"
  FBReactNativeSpec:
    :path: "../node_modules/react-native/React/FBReactNativeSpec"
  glog:
    :podspec: "../node_modules/react-native/third-party-podspecs/glog.podspec"
  jail-monkey:
    :path: "../node_modules/jail-monkey"
  lottie-ios:
    :path: "../node_modules/lottie-ios"
  lottie-react-native:
    :path: "../node_modules/lottie-react-native"
  RCT-Folly:
    :podspec: "../node_modules/react-native/third-party-podspecs/RCT-Folly.podspec"
  RCTRequired:
    :path: "../node_modules/react-native/Libraries/RCTRequired"
  RCTTypeSafety:
    :path: "../node_modules/react-native/Libraries/TypeSafety"
  React:
    :path: "../node_modules/react-native/"
  React-bridging:
    :path: "../node_modules/react-native/ReactCommon"
  React-callinvoker:
    :path: "../node_modules/react-native/ReactCommon/callinvoker"
  React-Codegen:
    :path: build/generated/ios
  React-Core:
    :path: "../node_modules/react-native/"
  React-CoreModules:
    :path: "../node_modules/react-native/React/CoreModules"
  React-cxxreact:
    :path: "../node_modules/react-native/ReactCommon/cxxreact"
  React-jsi:
    :path: "../node_modules/react-native/ReactCommon/jsi"
  React-jsiexecutor:
    :path: "../node_modules/react-native/ReactCommon/jsiexecutor"
  React-jsinspector:
    :path: "../node_modules/react-native/ReactCommon/jsinspector"
  React-logger:
    :path: "../node_modules/react-native/ReactCommon/logger"
  react-native-app-auth:
    :path: "../node_modules/react-native-app-auth"
  react-native-camera:
    :path: "../node_modules/react-native-camera"
  react-native-compressor:
    :path: "../node_modules/react-native-compressor"
  react-native-document-picker:
    :path: "../node_modules/react-native-document-picker"
  react-native-fetch-blob:
    :path: "../node_modules/react-native-fetch-blob"
  react-native-flipper:
    :path: "../node_modules/react-native-flipper"
  react-native-image-marker:
    :path: "../node_modules/react-native-image-marker"
  react-native-netinfo:
    :path: "../node_modules/@react-native-community/netinfo"
  react-native-pager-view:
    :path: "../node_modules/react-native-pager-view"
  react-native-safe-area-context:
    :path: "../node_modules/react-native-safe-area-context"
  react-native-simple-toast:
    :path: "../node_modules/react-native-simple-toast"
  react-native-slider:
    :path: "../node_modules/@react-native-community/slider"
  react-native-version-check:
    :path: "../node_modules/react-native-version-check"
  react-native-version-number:
    :path: "../node_modules/react-native-version-number"
  react-native-video:
    :path: "../node_modules/react-native-video"
  react-native-voice:
    :path: "../node_modules/@react-native-community/voice"
  react-native-webview:
    :path: "../node_modules/react-native-webview"
  React-perflogger:
    :path: "../node_modules/react-native/ReactCommon/reactperflogger"
  React-RCTActionSheet:
    :path: "../node_modules/react-native/Libraries/ActionSheetIOS"
  React-RCTAnimation:
    :path: "../node_modules/react-native/Libraries/NativeAnimation"
  React-RCTBlob:
    :path: "../node_modules/react-native/Libraries/Blob"
  React-RCTImage:
    :path: "../node_modules/react-native/Libraries/Image"
  React-RCTLinking:
    :path: "../node_modules/react-native/Libraries/LinkingIOS"
  React-RCTNetwork:
    :path: "../node_modules/react-native/Libraries/Network"
  React-RCTSettings:
    :path: "../node_modules/react-native/Libraries/Settings"
  React-RCTText:
    :path: "../node_modules/react-native/Libraries/Text"
  React-RCTVibration:
    :path: "../node_modules/react-native/Libraries/Vibration"
  React-runtimeexecutor:
    :path: "../node_modules/react-native/ReactCommon/runtimeexecutor"
  ReactCommon:
    :path: "../node_modules/react-native/ReactCommon"
  ReactNativeART:
    :path: "../node_modules/@react-native-community/art"
  ReactNativeLocalization:
    :path: "../node_modules/react-native-localization"
  RNBootSplash:
    :path: "../node_modules/react-native-bootsplash"
  RNCAsyncStorage:
    :path: "../node_modules/@react-native-community/async-storage"
  RNCMaskedView:
    :path: "../node_modules/@react-native-masked-view/masked-view"
  RNColorMatrixImageFilters:
    :path: "../node_modules/react-native-color-matrix-image-filters"
  RNDateTimePicker:
    :path: "../node_modules/@react-native-community/datetimepicker"
  RNDeviceInfo:
    :path: "../node_modules/react-native-device-info"
  RNFastImage:
    :path: "../node_modules/react-native-fast-image"
  RNFileViewer:
    :path: "../node_modules/react-native-file-viewer"
  RNFS:
    :path: "../node_modules/react-native-fs"
  RNGestureHandler:
    :path: "../node_modules/react-native-gesture-handler"
  RNImageCropPicker:
    :path: "../node_modules/react-native-image-crop-picker"
  RNReanimated:
    :path: "../node_modules/react-native-reanimated"
  RNScreens:
    :path: "../node_modules/react-native-screens"
  RNSVG:
    :path: "../node_modules/react-native-svg"
  RNVectorIcons:
    :path: "../node_modules/react-native-vector-icons"
  TextToSpeech:
    :path: "../node_modules/react-native-tts"
  VisionCamera:
    :path: "../node_modules/react-native-vision-camera"
  Yoga:
    :path: "../node_modules/react-native/ReactCommon/yoga"

SPEC CHECKSUMS:
  AppAuth: a13994980c1ec792f7e2e665acd4d4aa6be43240
  boost: a7c83b31436843459a1961bfd74b96033dc77234
  BVLinearGradient: 34a999fda29036898a09c6a6b728b0b4189e1a44
  CocoaAsyncSocket: 065fd1e645c7abab64f7a6a2007a48038fdc6a99
  DoubleConversion: 5189b271737e1565bdce30deb4a08d647e3f5f54
  FBLazyVector: 6c76fe46345039d5cf0549e9ddaf5aa169630a4a
  FBReactNativeSpec: 1a270246542f5c52248cb26a96db119cfe3cb760
  Flipper: 26fc4b7382499f1281eb8cb921e5c3ad6de91fe0
  Flipper-Boost-iOSX: fd1e2b8cbef7e662a122412d7ac5f5bea715403c
  Flipper-DoubleConversion: 2dc99b02f658daf147069aad9dbd29d8feb06d30
  Flipper-Fmt: 60cbdd92fc254826e61d669a5d87ef7015396a9b
  Flipper-Folly: 584845625005ff068a6ebf41f857f468decd26b3
  Flipper-Glog: 70c50ce58ddaf67dc35180db05f191692570f446
  Flipper-PeerTalk: 116d8f857dc6ef55c7a5a75ea3ceaafe878aadc9
  Flipper-RSocket: d9d9ade67cbecf6ac10730304bf5607266dd2541
  FlipperKit: cbdee19bdd4e7f05472a66ce290f1b729ba3cb86
  fmt: ff9d55029c625d3757ed641535fd4a75fedc7ce9
  glog: 04b94705f318337d7ead9e6d17c019bd9b1f6b1b
  jail-monkey: a71b35d482a70ecba844a90f002994012cf12a5d
  libevent: 4049cae6c81cdb3654a443be001fb9bdceff7913
  libwebp: 1786c9f4ff8a279e4dac1e8f385004d5fc253009
  lottie-ios: 69495122151a378fdc7d1bb4c5930347e37baf1f
  lottie-react-native: b702fab740cdb952a8e2354713d3beda63ff97b0
  OpenSSL-Universal: ebc357f1e6bc71fa463ccb2fe676756aff50e88c
  RCT-Folly: 0080d0a6ebf2577475bda044aa59e2ca1f909cda
  RCTRequired: d0e501e8024056451424aa341daa078c0c620b0d
  RCTTypeSafety: 14a3928ef69eeb4e5bb4f36fefb5ed6a392643ac
  React: a76fa5a8f540c9625fc16cfb3a7bbae9877716d5
  React-bridging: 3b8c4365cf22dc668cb4f29eafd83ace49a87835
  React-callinvoker: 0b108cf2d78be04f46f5e5fff53acfd019f8b9ab
  React-Codegen: 2f3419b3a3c825ccb6a399bcf0db53b9761235ed
  React-Core: 0a760f00a2cf3f44324266c227b01594f95ef7a0
  React-CoreModules: 4c5bc80e046efcb695d826ba276567051f91321e
  React-cxxreact: b07535295fd2c773a681f09d87dcba342e46dc7d
  React-jsi: baa181d7aa5867d5438f7969a257846cd7a97559
  React-jsiexecutor: be588b7abbea4f1d03840bc675d68d99380e5bf3
  React-jsinspector: bd839d6c2c28e49fe1373f055735d2abecbd6cf3
  React-logger: 48d82b9be8e44d86668de4453fdb60255516388b
  react-native-app-auth: aafaa6e2934ceeb72d1f5a42962937ffeed9566c
  react-native-camera: 3eae183c1d111103963f3dd913b65d01aef8110f
  react-native-compressor: 378e9fb10cb0148d2496f01ae2712e4ab6bfca04
  react-native-document-picker: cd4d6b36a5207ad7a9e599ebb9eb0c2e84fa0b87
  react-native-fetch-blob: 0cbdf9764c75d9438c162427395f4bc35a857d5a
  react-native-flipper: 2d552a8178d839ef378220101fb7f0cd5b2a8003
  react-native-image-marker: 8af6eac535be766aee2ab3e86063cae7c9fea833
  react-native-netinfo: 129bd99f607a2dc5bb096168f3e5c150fd1f1c95
  react-native-pager-view: c29d484f19c49ff19525a94105e4ab2c4d4ae273
  react-native-safe-area-context: b456e1c40ec86f5593d58b275bd0e9603169daca
  react-native-simple-toast: 6148335d096ab63dc852535ec64c82527315d575
  react-native-slider: 323128c304ef8282671d185a09928d62415b400d
  react-native-version-check: 6cd36aad4e30b8e3216747e3b4ddeb09e0647af8
  react-native-version-number: b415bbec6a13f2df62bf978e85bc0d699462f37f
  react-native-video: c26780b224543c62d5e1b2a7244a5cd1b50e8253
  react-native-voice: eb6b7c7f752310f72a6f4d64c2fba6ee724d6604
  react-native-webview: 9f111dfbcfc826084d6c507f569e5e03342ee1c1
  React-perflogger: 77947e49d84e31eb87d454d4ef327542dcfeaebc
  React-RCTActionSheet: 9f5fd6c1666c1a834ab7f45a452ed08b1de44eb8
  React-RCTAnimation: 6fd3db6ca387c8432fd6a26428e940a081bcb476
  React-RCTBlob: 43ff9a00ea606c911c14da74a5bd0a07b54d0c34
  React-RCTImage: 10ef13883116c1fd67ec3229d96556893771f747
  React-RCTLinking: ff75f970da9e1b0491cfe642f34d8a1ab5338715
  React-RCTNetwork: 0528cb19329a0764061ec053c4e3ab8a52ad8741
  React-RCTSettings: 26ef15ef3a9019fc09f4f8264f5ca79bf4dfc6de
  React-RCTText: 4eeb0a8afd28d691f0bd4c104bf3234d79c78b0c
  React-RCTVibration: 5499b77c0fd57f346a5f0b36bb79fdb020d17d3e
  React-runtimeexecutor: 80c195ffcafb190f531fdc849dc2d19cb4bb2b34
  ReactCommon: de55f940495d7bf87b5d7bf55b5b15cdd50d7d7b
  ReactNativeART: 78edc68dd4a1e675338cd0cd113319cf3a65f2ab
  ReactNativeLocalization: 076497d7ca70341c751cd3b3e7c86187332a182d
  RNBootSplash: 5f346163977573d6b2aeba1b25df9d2245c0d73c
  RNCAsyncStorage: b03032fdbdb725bea0bd9e5ec5a7272865ae7398
  RNCMaskedView: cb9670ea9239998340eaab21df13fa12a1f9de15
  RNColorMatrixImageFilters: 9b6a80ef1337e327d8b9a1c27d50e753bdcc252f
  RNDateTimePicker: 65e1d202799460b286ff5e741d8baf54695e8abd
  RNDeviceInfo: db5c64a060e66e5db3102d041ebe3ef307a85120
  RNFastImage: 3207b9eb17c2425d574ca40db35185db6e324f4e
  RNFileViewer: ce7ca3ac370e18554d35d6355cffd7c30437c592
  RNFS: 4ac0f0ea233904cb798630b3c077808c06931688
  RNGestureHandler: 0cba6c7c51a90cd793cf2475cf7fdca613ede300
  RNImageCropPicker: 44e2807bc410741f35d4c45b6586aedfe3da39d2
  RNReanimated: bec7736122a268883bdede07f1bf9cf4b40158db
  RNScreens: 0df01424e9e0ed7827200d6ed1087ddd06c493f9
  RNSVG: 07037623c36f12e41312730622d5f6b3656227ca
  RNVectorIcons: fcc2f6cb32f5735b586e66d14103a74ce6ad61f8
  SDWebImage: a7f831e1a65eb5e285e3fb046a23fcfbf08e696d
  SDWebImageWebPCoder: 908b83b6adda48effe7667cd2b7f78c897e5111d
  SocketRocket: f32cd54efbe0f095c4d7594881e52619cfe80b17
  TextToSpeech: b3aa777ff5585705f179c0a2436bfd0926d1716e
  Toast: ec33c32b8688982cecc6348adeae667c1b9938da
  TOCropViewController: edfd4f25713d56905ad1e0b9f5be3fbe0f59c863
  VisionCamera: 7ce2f47e074e1633540d04f4eee76968955ff2b9
  Yoga: 82c9e8f652789f67d98bed5aef9d6653f71b04a9
  YogaKit: f782866e155069a2cca2517aafea43200b01fd5a

PODFILE CHECKSUM: 4e0e53ca371c2b7a7905c7f01dd78b641e694d5e

COCOAPODS: 1.13.0
